// !$*UTF8*$!
{
	archiveVersion = 1;
	classes = {
	};
	objectVersion = 46;
	objects = {

/* Begin PBXBuildFile section */
		284E0CB71949D4530027B47A /* DropCell.m in Sources */ = {isa = PBXBuildFile; fileRef = 284E0CB61949D4530027B47A /* DropCell.m */; };
		284E0CBB1949E2CC0027B47A /* ProgressView.m in Sources */ = {isa = PBXBuildFile; fileRef = 284E0CBA1949E2CC0027B47A /* ProgressView.m */; };
		28943DC3193E1899005412CA /* Foundation.framework in Frameworks */ = {isa = PBXBuildFile; fileRef = 28943DC2193E1899005412CA /* Foundation.framework */; };
		28943DC5193E1899005412CA /* CoreGraphics.framework in Frameworks */ = {isa = PBXBuildFile; fileRef = 28943DC4193E1899005412CA /* CoreGraphics.framework */; };
		28943DC7193E1899005412CA /* UIKit.framework in Frameworks */ = {isa = PBXBuildFile; fileRef = 28943DC6193E1899005412CA /* UIKit.framework */; };
		28943DCD193E189A005412CA /* InfoPlist.strings in Resources */ = {isa = PBXBuildFile; fileRef = 28943DCB193E189A005412CA /* InfoPlist.strings */; };
		28943DCF193E189A005412CA /* main.m in Sources */ = {isa = PBXBuildFile; fileRef = 28943DCE193E189A005412CA /* main.m */; };
		28943DD3193E189A005412CA /* AppDelegate.m in Sources */ = {isa = PBXBuildFile; fileRef = 28943DD2193E189A005412CA /* AppDelegate.m */; };
		28943DD6193E189A005412CA /* Main.storyboard in Resources */ = {isa = PBXBuildFile; fileRef = 28943DD4193E189A005412CA /* Main.storyboard */; };
		28943DD9193E189A005412CA /* MainViewController.m in Sources */ = {isa = PBXBuildFile; fileRef = 28943DD8193E189A005412CA /* MainViewController.m */; };
		28943DDB193E189A005412CA /* Images.xcassets in Resources */ = {isa = PBXBuildFile; fileRef = 28943DDA193E189A005412CA /* Images.xcassets */; };
		28943DE2193E189A005412CA /* XCTest.framework in Frameworks */ = {isa = PBXBuildFile; fileRef = 28943DE1193E189A005412CA /* XCTest.framework */; };
		28943DE3193E189A005412CA /* Foundation.framework in Frameworks */ = {isa = PBXBuildFile; fileRef = 28943DC2193E1899005412CA /* Foundation.framework */; };
		28943DE4193E189A005412CA /* UIKit.framework in Frameworks */ = {isa = PBXBuildFile; fileRef = 28943DC6193E1899005412CA /* UIKit.framework */; };
		28943DEC193E189A005412CA /* InfoPlist.strings in Resources */ = {isa = PBXBuildFile; fileRef = 28943DEA193E189A005412CA /* InfoPlist.strings */; };
		28943DEE193E189A005412CA /* DropDown2Tests.m in Sources */ = {isa = PBXBuildFile; fileRef = 28943DED193E189A005412CA /* DropDown2Tests.m */; };
		28943DFF193E1D43005412CA /* ExpandDown.m in Sources */ = {isa = PBXBuildFile; fileRef = 28943DFE193E1D43005412CA /* ExpandDown.m */; };
		28943E02193E1FEF005412CA /* Sections.m in Sources */ = {isa = PBXBuildFile; fileRef = 28943E01193E1FEF005412CA /* Sections.m */; };
		28943E05193E2141005412CA /* AccessoryView.m in Sources */ = {isa = PBXBuildFile; fileRef = 28943E04193E2141005412CA /* AccessoryView.m */; };
		28943E08193E21F4005412CA /* RetractUp.m in Sources */ = {isa = PBXBuildFile; fileRef = 28943E07193E21F4005412CA /* RetractUp.m */; };
		28943E0F193E29C7005412CA /* FontFactory.m in Sources */ = {isa = PBXBuildFile; fileRef = 28943E0E193E29C7005412CA /* FontFactory.m */; };
		28943E12193E2A86005412CA /* TableHeights.m in Sources */ = {isa = PBXBuildFile; fileRef = 28943E11193E2A86005412CA /* TableHeights.m */; };
		28943E15193E2ACA005412CA /* Color.m in Sources */ = {isa = PBXBuildFile; fileRef = 28943E14193E2ACA005412CA /* Color.m */; };
		28943E18193E2B3F005412CA /* LogoFactory.m in Sources */ = {isa = PBXBuildFile; fileRef = 28943E17193E2B3F005412CA /* LogoFactory.m */; };
		28943E1E193E31F0005412CA /* Buttons.m in Sources */ = {isa = PBXBuildFile; fileRef = 28943E1D193E31F0005412CA /* Buttons.m */; };
		28943E27193E3D8B005412CA /* MainCell.m in Sources */ = {isa = PBXBuildFile; fileRef = 28943E26193E3D8B005412CA /* MainCell.m */; };
		28943E2C193E40BA005412CA /* minus_button.png in Resources */ = {isa = PBXBuildFile; fileRef = 28943E2A193E40BA005412CA /* minus_button.png */; };
		28943E2D193E40BA005412CA /* plus_button.png in Resources */ = {isa = PBXBuildFile; fileRef = 28943E2B193E40BA005412CA /* plus_button.png */; };
		2897503F19470C2A004F3269 /* Lato-Lig.ttf in Resources */ = {isa = PBXBuildFile; fileRef = 2897503E19470C2A004F3269 /* Lato-Lig.ttf */; };
		2897504219470C6F004F3269 /* Lato-Bla.ttf in Resources */ = {isa = PBXBuildFile; fileRef = 2897504019470C6F004F3269 /* Lato-Bla.ttf */; };
		2897504319470C6F004F3269 /* Lato-Reg.ttf in Resources */ = {isa = PBXBuildFile; fileRef = 2897504119470C6F004F3269 /* Lato-Reg.ttf */; };
		2897504619471633004F3269 /* minus_button_b.png in Resources */ = {isa = PBXBuildFile; fileRef = 2897504419471633004F3269 /* minus_button_b.png */; };
		2897504719471633004F3269 /* plus_button_b.png in Resources */ = {isa = PBXBuildFile; fileRef = 2897504519471633004F3269 /* plus_button_b.png */; };
		289DAA1B195304A9002E4B78 /* NavFactory.m in Sources */ = {isa = PBXBuildFile; fileRef = 289DAA1A195304A9002E4B78 /* NavFactory.m */; };
		28D19D67193F4E0F0098BEBD /* MainMenuItems.m in Sources */ = {isa = PBXBuildFile; fileRef = 28D19D66193F4E0F0098BEBD /* MainMenuItems.m */; };
		28D19D6A193F50B20098BEBD /* NavBar.m in Sources */ = {isa = PBXBuildFile; fileRef = 28D19D69193F50B20098BEBD /* NavBar.m */; };
		28D19D6F193F52C40098BEBD /* HeaderView.m in Sources */ = {isa = PBXBuildFile; fileRef = 28D19D6E193F52C40098BEBD /* HeaderView.m */; };
		28E1521B196864B60039221E /* AppNavigation.m in Sources */ = {isa = PBXBuildFile; fileRef = 28E1521A196864B60039221E /* AppNavigation.m */; };
		28E1521F196869690039221E /* MainDropDownVM.m in Sources */ = {isa = PBXBuildFile; fileRef = 28E1521E196869690039221E /* MainDropDownVM.m */; };
		28E15221196872A20039221E /* MainDropDownVMTests.m in Sources */ = {isa = PBXBuildFile; fileRef = 28E15220196872A20039221E /* MainDropDownVMTests.m */; };
/* End PBXBuildFile section */

/* Begin PBXContainerItemProxy section */
		28943DE5193E189A005412CA /* PBXContainerItemProxy */ = {
			isa = PBXContainerItemProxy;
			containerPortal = 28943DB7193E1899005412CA /* Project object */;
			proxyType = 1;
			remoteGlobalIDString = 28943DBE193E1899005412CA;
			remoteInfo = DropDown2;
		};
/* End PBXContainerItemProxy section */

/* Begin PBXFileReference section */
		284E0CB51949D4530027B47A /* DropCell.h */ = {isa = PBXFileReference; fileEncoding = 4; lastKnownFileType = sourcecode.c.h; path = DropCell.h; sourceTree = "<group>"; };
		284E0CB61949D4530027B47A /* DropCell.m */ = {isa = PBXFileReference; fileEncoding = 4; lastKnownFileType = sourcecode.c.objc; path = DropCell.m; sourceTree = "<group>"; };
		284E0CB91949E2CC0027B47A /* ProgressView.h */ = {isa = PBXFileReference; fileEncoding = 4; lastKnownFileType = sourcecode.c.h; path = ProgressView.h; sourceTree = "<group>"; };
		284E0CBA1949E2CC0027B47A /* ProgressView.m */ = {isa = PBXFileReference; fileEncoding = 4; lastKnownFileType = sourcecode.c.objc; path = ProgressView.m; sourceTree = "<group>"; };
		28943DBF193E1899005412CA /* DropDown2.app */ = {isa = PBXFileReference; explicitFileType = wrapper.application; includeInIndex = 0; path = DropDown2.app; sourceTree = BUILT_PRODUCTS_DIR; };
		28943DC2193E1899005412CA /* Foundation.framework */ = {isa = PBXFileReference; lastKnownFileType = wrapper.framework; name = Foundation.framework; path = System/Library/Frameworks/Foundation.framework; sourceTree = SDKROOT; };
		28943DC4193E1899005412CA /* CoreGraphics.framework */ = {isa = PBXFileReference; lastKnownFileType = wrapper.framework; name = CoreGraphics.framework; path = System/Library/Frameworks/CoreGraphics.framework; sourceTree = SDKROOT; };
		28943DC6193E1899005412CA /* UIKit.framework */ = {isa = PBXFileReference; lastKnownFileType = wrapper.framework; name = UIKit.framework; path = System/Library/Frameworks/UIKit.framework; sourceTree = SDKROOT; };
		28943DCA193E189A005412CA /* DropDown2-Info.plist */ = {isa = PBXFileReference; lastKnownFileType = text.plist.xml; path = "DropDown2-Info.plist"; sourceTree = "<group>"; };
		28943DCC193E189A005412CA /* en */ = {isa = PBXFileReference; lastKnownFileType = text.plist.strings; name = en; path = en.lproj/InfoPlist.strings; sourceTree = "<group>"; };
		28943DCE193E189A005412CA /* main.m */ = {isa = PBXFileReference; lastKnownFileType = sourcecode.c.objc; path = main.m; sourceTree = "<group>"; };
		28943DD0193E189A005412CA /* DropDown2-Prefix.pch */ = {isa = PBXFileReference; lastKnownFileType = sourcecode.c.h; path = "DropDown2-Prefix.pch"; sourceTree = "<group>"; };
		28943DD1193E189A005412CA /* AppDelegate.h */ = {isa = PBXFileReference; lastKnownFileType = sourcecode.c.h; name = AppDelegate.h; path = ../AppDelegate.h; sourceTree = "<group>"; };
		28943DD2193E189A005412CA /* AppDelegate.m */ = {isa = PBXFileReference; lastKnownFileType = sourcecode.c.objc; name = AppDelegate.m; path = ../AppDelegate.m; sourceTree = "<group>"; };
		28943DD5193E189A005412CA /* Base */ = {isa = PBXFileReference; lastKnownFileType = file.storyboard; name = Base; path = Base.lproj/Main.storyboard; sourceTree = "<group>"; };
		28943DD7193E189A005412CA /* MainViewController.h */ = {isa = PBXFileReference; lastKnownFileType = sourcecode.c.h; name = MainViewController.h; path = /Users/abby/DropDownVM/DropDown2/DropDown2/View/MainViewController.h; sourceTree = "<absolute>"; };
		28943DD8193E189A005412CA /* MainViewController.m */ = {isa = PBXFileReference; lastKnownFileType = sourcecode.c.objc; name = MainViewController.m; path = /Users/abby/DropDownVM/DropDown2/DropDown2/View/MainViewController.m; sourceTree = "<absolute>"; };
		28943DDA193E189A005412CA /* Images.xcassets */ = {isa = PBXFileReference; lastKnownFileType = folder.assetcatalog; path = Images.xcassets; sourceTree = "<group>"; };
		28943DE0193E189A005412CA /* DropDown2Tests.xctest */ = {isa = PBXFileReference; explicitFileType = wrapper.cfbundle; includeInIndex = 0; path = DropDown2Tests.xctest; sourceTree = BUILT_PRODUCTS_DIR; };
		28943DE1193E189A005412CA /* XCTest.framework */ = {isa = PBXFileReference; lastKnownFileType = wrapper.framework; name = XCTest.framework; path = Library/Frameworks/XCTest.framework; sourceTree = DEVELOPER_DIR; };
		28943DE9193E189A005412CA /* DropDown2Tests-Info.plist */ = {isa = PBXFileReference; lastKnownFileType = text.plist.xml; path = "DropDown2Tests-Info.plist"; sourceTree = "<group>"; };
		28943DEB193E189A005412CA /* en */ = {isa = PBXFileReference; lastKnownFileType = text.plist.strings; name = en; path = en.lproj/InfoPlist.strings; sourceTree = "<group>"; };
		28943DED193E189A005412CA /* DropDown2Tests.m */ = {isa = PBXFileReference; lastKnownFileType = sourcecode.c.objc; path = DropDown2Tests.m; sourceTree = "<group>"; };
		28943DFD193E1D43005412CA /* ExpandDown.h */ = {isa = PBXFileReference; fileEncoding = 4; lastKnownFileType = sourcecode.c.h; path = ExpandDown.h; sourceTree = "<group>"; };
		28943DFE193E1D43005412CA /* ExpandDown.m */ = {isa = PBXFileReference; fileEncoding = 4; lastKnownFileType = sourcecode.c.objc; path = ExpandDown.m; sourceTree = "<group>"; };
		28943E00193E1FEF005412CA /* Sections.h */ = {isa = PBXFileReference; fileEncoding = 4; lastKnownFileType = sourcecode.c.h; path = Sections.h; sourceTree = "<group>"; };
		28943E01193E1FEF005412CA /* Sections.m */ = {isa = PBXFileReference; fileEncoding = 4; lastKnownFileType = sourcecode.c.objc; path = Sections.m; sourceTree = "<group>"; };
		28943E03193E2141005412CA /* AccessoryView.h */ = {isa = PBXFileReference; fileEncoding = 4; lastKnownFileType = sourcecode.c.h; path = AccessoryView.h; sourceTree = "<group>"; };
		28943E04193E2141005412CA /* AccessoryView.m */ = {isa = PBXFileReference; fileEncoding = 4; lastKnownFileType = sourcecode.c.objc; path = AccessoryView.m; sourceTree = "<group>"; };
		28943E06193E21F4005412CA /* RetractUp.h */ = {isa = PBXFileReference; fileEncoding = 4; lastKnownFileType = sourcecode.c.h; path = RetractUp.h; sourceTree = "<group>"; };
		28943E07193E21F4005412CA /* RetractUp.m */ = {isa = PBXFileReference; fileEncoding = 4; lastKnownFileType = sourcecode.c.objc; path = RetractUp.m; sourceTree = "<group>"; };
		28943E0D193E29C7005412CA /* FontFactory.h */ = {isa = PBXFileReference; fileEncoding = 4; lastKnownFileType = sourcecode.c.h; path = FontFactory.h; sourceTree = "<group>"; };
		28943E0E193E29C7005412CA /* FontFactory.m */ = {isa = PBXFileReference; fileEncoding = 4; lastKnownFileType = sourcecode.c.objc; path = FontFactory.m; sourceTree = "<group>"; };
		28943E10193E2A86005412CA /* TableHeights.h */ = {isa = PBXFileReference; fileEncoding = 4; lastKnownFileType = sourcecode.c.h; path = TableHeights.h; sourceTree = "<group>"; };
		28943E11193E2A86005412CA /* TableHeights.m */ = {isa = PBXFileReference; fileEncoding = 4; lastKnownFileType = sourcecode.c.objc; path = TableHeights.m; sourceTree = "<group>"; };
		28943E13193E2ACA005412CA /* Color.h */ = {isa = PBXFileReference; fileEncoding = 4; lastKnownFileType = sourcecode.c.h; path = Color.h; sourceTree = "<group>"; };
		28943E14193E2ACA005412CA /* Color.m */ = {isa = PBXFileReference; fileEncoding = 4; lastKnownFileType = sourcecode.c.objc; path = Color.m; sourceTree = "<group>"; };
		28943E16193E2B3F005412CA /* LogoFactory.h */ = {isa = PBXFileReference; fileEncoding = 4; lastKnownFileType = sourcecode.c.h; path = LogoFactory.h; sourceTree = "<group>"; };
		28943E17193E2B3F005412CA /* LogoFactory.m */ = {isa = PBXFileReference; fileEncoding = 4; lastKnownFileType = sourcecode.c.objc; path = LogoFactory.m; sourceTree = "<group>"; };
		28943E1C193E31F0005412CA /* Buttons.h */ = {isa = PBXFileReference; fileEncoding = 4; lastKnownFileType = sourcecode.c.h; path = Buttons.h; sourceTree = "<group>"; };
		28943E1D193E31F0005412CA /* Buttons.m */ = {isa = PBXFileReference; fileEncoding = 4; lastKnownFileType = sourcecode.c.objc; path = Buttons.m; sourceTree = "<group>"; };
		28943E25193E3D8B005412CA /* MainCell.h */ = {isa = PBXFileReference; fileEncoding = 4; lastKnownFileType = sourcecode.c.h; path = MainCell.h; sourceTree = "<group>"; };
		28943E26193E3D8B005412CA /* MainCell.m */ = {isa = PBXFileReference; fileEncoding = 4; lastKnownFileType = sourcecode.c.objc; path = MainCell.m; sourceTree = "<group>"; };
		28943E2A193E40BA005412CA /* minus_button.png */ = {isa = PBXFileReference; lastKnownFileType = image.png; path = minus_button.png; sourceTree = "<group>"; };
		28943E2B193E40BA005412CA /* plus_button.png */ = {isa = PBXFileReference; lastKnownFileType = image.png; path = plus_button.png; sourceTree = "<group>"; };
		2897503E19470C2A004F3269 /* Lato-Lig.ttf */ = {isa = PBXFileReference; lastKnownFileType = file; name = "Lato-Lig.ttf"; path = "../Lato-Lig.ttf"; sourceTree = "<group>"; };
		2897504019470C6F004F3269 /* Lato-Bla.ttf */ = {isa = PBXFileReference; lastKnownFileType = file; name = "Lato-Bla.ttf"; path = "../Lato-Bla.ttf"; sourceTree = "<group>"; };
		2897504119470C6F004F3269 /* Lato-Reg.ttf */ = {isa = PBXFileReference; lastKnownFileType = file; name = "Lato-Reg.ttf"; path = "../Lato-Reg.ttf"; sourceTree = "<group>"; };
		2897504419471633004F3269 /* minus_button_b.png */ = {isa = PBXFileReference; lastKnownFileType = image.png; path = minus_button_b.png; sourceTree = "<group>"; };
		2897504519471633004F3269 /* plus_button_b.png */ = {isa = PBXFileReference; lastKnownFileType = image.png; path = plus_button_b.png; sourceTree = "<group>"; };
		289DAA19195304A9002E4B78 /* NavFactory.h */ = {isa = PBXFileReference; fileEncoding = 4; lastKnownFileType = sourcecode.c.h; path = NavFactory.h; sourceTree = "<group>"; };
		289DAA1A195304A9002E4B78 /* NavFactory.m */ = {isa = PBXFileReference; fileEncoding = 4; lastKnownFileType = sourcecode.c.objc; path = NavFactory.m; sourceTree = "<group>"; };
		28D19D65193F4E0F0098BEBD /* MainMenuItems.h */ = {isa = PBXFileReference; fileEncoding = 4; lastKnownFileType = sourcecode.c.h; name = MainMenuItems.h; path = ../ViewModel/MainMenuItems.h; sourceTree = "<group>"; };
		28D19D66193F4E0F0098BEBD /* MainMenuItems.m */ = {isa = PBXFileReference; fileEncoding = 4; lastKnownFileType = sourcecode.c.objc; name = MainMenuItems.m; path = ../ViewModel/MainMenuItems.m; sourceTree = "<group>"; };
		28D19D68193F50B20098BEBD /* NavBar.h */ = {isa = PBXFileReference; fileEncoding = 4; lastKnownFileType = sourcecode.c.h; path = NavBar.h; sourceTree = "<group>"; };
		28D19D69193F50B20098BEBD /* NavBar.m */ = {isa = PBXFileReference; fileEncoding = 4; lastKnownFileType = sourcecode.c.objc; path = NavBar.m; sourceTree = "<group>"; };
		28D19D6D193F52C40098BEBD /* HeaderView.h */ = {isa = PBXFileReference; fileEncoding = 4; lastKnownFileType = sourcecode.c.h; path = HeaderView.h; sourceTree = "<group>"; };
		28D19D6E193F52C40098BEBD /* HeaderView.m */ = {isa = PBXFileReference; fileEncoding = 4; lastKnownFileType = sourcecode.c.objc; path = HeaderView.m; sourceTree = "<group>"; };
		28E1521819681FDB0039221E /* Menus.h */ = {isa = PBXFileReference; fileEncoding = 4; lastKnownFileType = sourcecode.c.h; path = Menus.h; sourceTree = "<group>"; };
		28E15219196864B60039221E /* AppNavigation.h */ = {isa = PBXFileReference; fileEncoding = 4; lastKnownFileType = sourcecode.c.h; path = AppNavigation.h; sourceTree = "<group>"; };
		28E1521A196864B60039221E /* AppNavigation.m */ = {isa = PBXFileReference; fileEncoding = 4; lastKnownFileType = sourcecode.c.objc; path = AppNavigation.m; sourceTree = "<group>"; };
		28E1521C196869510039221E /* DropDownViewModel.h */ = {isa = PBXFileReference; fileEncoding = 4; lastKnownFileType = sourcecode.c.h; path = DropDownViewModel.h; sourceTree = "<group>"; };
		28E1521D196869690039221E /* MainDropDownVM.h */ = {isa = PBXFileReference; fileEncoding = 4; lastKnownFileType = sourcecode.c.h; path = MainDropDownVM.h; sourceTree = "<group>"; };
		28E1521E196869690039221E /* MainDropDownVM.m */ = {isa = PBXFileReference; fileEncoding = 4; lastKnownFileType = sourcecode.c.objc; path = MainDropDownVM.m; sourceTree = "<group>"; };
		28E15220196872A20039221E /* MainDropDownVMTests.m */ = {isa = PBXFileReference; fileEncoding = 4; lastKnownFileType = sourcecode.c.objc; path = MainDropDownVMTests.m; sourceTree = "<group>"; };
/* End PBXFileReference section */

/* Begin PBXFrameworksBuildPhase section */
		28943DBC193E1899005412CA /* Frameworks */ = {
			isa = PBXFrameworksBuildPhase;
			buildActionMask = 2147483647;
			files = (
				28943DC5193E1899005412CA /* CoreGraphics.framework in Frameworks */,
				28943DC7193E1899005412CA /* UIKit.framework in Frameworks */,
				28943DC3193E1899005412CA /* Foundation.framework in Frameworks */,
			);
			runOnlyForDeploymentPostprocessing = 0;
		};
		28943DDD193E189A005412CA /* Frameworks */ = {
			isa = PBXFrameworksBuildPhase;
			buildActionMask = 2147483647;
			files = (
				28943DE2193E189A005412CA /* XCTest.framework in Frameworks */,
				28943DE4193E189A005412CA /* UIKit.framework in Frameworks */,
				28943DE3193E189A005412CA /* Foundation.framework in Frameworks */,
			);
			runOnlyForDeploymentPostprocessing = 0;
		};
/* End PBXFrameworksBuildPhase section */

/* Begin PBXGroup section */
		284E0CB81949DE7B0027B47A /* CellTypes */ = {
			isa = PBXGroup;
			children = (
				28943E25193E3D8B005412CA /* MainCell.h */,
				28943E26193E3D8B005412CA /* MainCell.m */,
				284E0CB51949D4530027B47A /* DropCell.h */,
				284E0CB61949D4530027B47A /* DropCell.m */,
				28D19D6C193F52790098BEBD /* CellFunctionality */,
			);
			name = CellTypes;
			sourceTree = "<group>";
		};
		28943DB6193E1899005412CA = {
			isa = PBXGroup;
			children = (
				28943DC8193E1899005412CA /* DropDown2 */,
				28943DE7193E189A005412CA /* DropDown2Tests */,
				28943DC1193E1899005412CA /* Frameworks */,
				28943DC0193E1899005412CA /* Products */,
			);
			sourceTree = "<group>";
		};
		28943DC0193E1899005412CA /* Products */ = {
			isa = PBXGroup;
			children = (
				28943DBF193E1899005412CA /* DropDown2.app */,
				28943DE0193E189A005412CA /* DropDown2Tests.xctest */,
			);
			name = Products;
			sourceTree = "<group>";
		};
		28943DC1193E1899005412CA /* Frameworks */ = {
			isa = PBXGroup;
			children = (
				28943DC2193E1899005412CA /* Foundation.framework */,
				28943DC4193E1899005412CA /* CoreGraphics.framework */,
				28943DC6193E1899005412CA /* UIKit.framework */,
				28943DE1193E189A005412CA /* XCTest.framework */,
			);
			name = Frameworks;
			sourceTree = "<group>";
		};
		28943DC8193E1899005412CA /* DropDown2 */ = {
			isa = PBXGroup;
			children = (
				28943DF9193E1A7B005412CA /* ViewModel */,
				28943DF8193E1A75005412CA /* Model */,
				28943DF7193E193A005412CA /* View */,
				28943DDA193E189A005412CA /* Images.xcassets */,
				28943DC9193E189A005412CA /* Supporting Files */,
			);
			path = DropDown2;
			sourceTree = "<group>";
		};
		28943DC9193E189A005412CA /* Supporting Files */ = {
			isa = PBXGroup;
			children = (
				28943E28193E40A0005412CA /* Resources */,
				28943DCA193E189A005412CA /* DropDown2-Info.plist */,
				28943DCB193E189A005412CA /* InfoPlist.strings */,
				28943DCE193E189A005412CA /* main.m */,
				28943DD0193E189A005412CA /* DropDown2-Prefix.pch */,
			);
			name = "Supporting Files";
			sourceTree = "<group>";
		};
		28943DE7193E189A005412CA /* DropDown2Tests */ = {
			isa = PBXGroup;
			children = (
				28943DED193E189A005412CA /* DropDown2Tests.m */,
				28943DE8193E189A005412CA /* Supporting Files */,
				28E15220196872A20039221E /* MainDropDownVMTests.m */,
			);
			path = DropDown2Tests;
			sourceTree = "<group>";
		};
		28943DE8193E189A005412CA /* Supporting Files */ = {
			isa = PBXGroup;
			children = (
				28943DE9193E189A005412CA /* DropDown2Tests-Info.plist */,
				28943DEA193E189A005412CA /* InfoPlist.strings */,
			);
			name = "Supporting Files";
			sourceTree = "<group>";
		};
		28943DF7193E193A005412CA /* View */ = {
			isa = PBXGroup;
			children = (
				28943DD4193E189A005412CA /* Main.storyboard */,
				28943DD7193E189A005412CA /* MainViewController.h */,
				28943DD8193E189A005412CA /* MainViewController.m */,
			);
			name = View;
			path = /Users/abby/DropDownVM/DropDown2/DropDown2/View;
			sourceTree = "<absolute>";
		};
		28943DF8193E1A75005412CA /* Model */ = {
			isa = PBXGroup;
			children = (
				28943DD1193E189A005412CA /* AppDelegate.h */,
				28943DD2193E189A005412CA /* AppDelegate.m */,
				28D19D65193F4E0F0098BEBD /* MainMenuItems.h */,
				28D19D66193F4E0F0098BEBD /* MainMenuItems.m */,
				28E1521819681FDB0039221E /* Menus.h */,
				28943E00193E1FEF005412CA /* Sections.h */,
				28943E01193E1FEF005412CA /* Sections.m */,
				28E15219196864B60039221E /* AppNavigation.h */,
				28E1521A196864B60039221E /* AppNavigation.m */,
			);
			name = Model;
			path = /Users/abby/DropDownVM/DropDown2/DropDown2/Model;
			sourceTree = "<absolute>";
		};
		28943DF9193E1A7B005412CA /* ViewModel */ = {
			isa = PBXGroup;
			children = (
				28D19D6B193F52440098BEBD /* ViewComponents */,
				28943E0C193E29B3005412CA /* Design */,
				284E0CB81949DE7B0027B47A /* CellTypes */,
				28E1521C196869510039221E /* DropDownViewModel.h */,
				28E1521D196869690039221E /* MainDropDownVM.h */,
				28E1521E196869690039221E /* MainDropDownVM.m */,
			);
			name = ViewModel;
			path = /Users/abby/DropDownVM/DropDown2/DropDown2/ViewModel;
			sourceTree = "<absolute>";
		};
		28943E0C193E29B3005412CA /* Design */ = {
			isa = PBXGroup;
			children = (
				28943E0D193E29C7005412CA /* FontFactory.h */,
				28943E0E193E29C7005412CA /* FontFactory.m */,
				28943E13193E2ACA005412CA /* Color.h */,
				28943E14193E2ACA005412CA /* Color.m */,
				28943E16193E2B3F005412CA /* LogoFactory.h */,
				28943E17193E2B3F005412CA /* LogoFactory.m */,
				28943E1C193E31F0005412CA /* Buttons.h */,
				28943E1D193E31F0005412CA /* Buttons.m */,
			);
			name = Design;
			sourceTree = "<group>";
		};
		28943E28193E40A0005412CA /* Resources */ = {
			isa = PBXGroup;
			children = (
				2897504019470C6F004F3269 /* Lato-Bla.ttf */,
				2897504119470C6F004F3269 /* Lato-Reg.ttf */,
				2897503E19470C2A004F3269 /* Lato-Lig.ttf */,
				28943E29193E40AA005412CA /* Images */,
			);
			name = Resources;
			sourceTree = "<group>";
		};
		28943E29193E40AA005412CA /* Images */ = {
			isa = PBXGroup;
			children = (
				28943E2A193E40BA005412CA /* minus_button.png */,
				2897504419471633004F3269 /* minus_button_b.png */,
				2897504519471633004F3269 /* plus_button_b.png */,
				28943E2B193E40BA005412CA /* plus_button.png */,
			);
			name = Images;
			sourceTree = "<group>";
		};
		289DAA1C195313AE002E4B78 /* Nav */ = {
			isa = PBXGroup;
			children = (
				289DAA19195304A9002E4B78 /* NavFactory.h */,
				289DAA1A195304A9002E4B78 /* NavFactory.m */,
				28D19D68193F50B20098BEBD /* NavBar.h */,
				28D19D69193F50B20098BEBD /* NavBar.m */,
			);
			name = Nav;
			sourceTree = "<group>";
		};
		289DAA1D195313DD002E4B78 /* Progress */ = {
			isa = PBXGroup;
			children = (
				284E0CB91949E2CC0027B47A /* ProgressView.h */,
				284E0CBA1949E2CC0027B47A /* ProgressView.m */,
			);
			name = Progress;
			sourceTree = "<group>";
		};
		289DAA1E1953145D002E4B78 /* Table */ = {
			isa = PBXGroup;
			children = (
				28943E10193E2A86005412CA /* TableHeights.h */,
				28943E11193E2A86005412CA /* TableHeights.m */,
			);
			name = Table;
			sourceTree = "<group>";
		};
		28D19D6B193F52440098BEBD /* ViewComponents */ = {
			isa = PBXGroup;
			children = (
				289DAA1E1953145D002E4B78 /* Table */,
				289DAA1D195313DD002E4B78 /* Progress */,
				289DAA1C195313AE002E4B78 /* Nav */,
				28D19D6D193F52C40098BEBD /* HeaderView.h */,
				28D19D6E193F52C40098BEBD /* HeaderView.m */,
			);
			name = ViewComponents;
			sourceTree = "<group>";
		};
		28D19D6C193F52790098BEBD /* CellFunctionality */ = {
			isa = PBXGroup;
			children = (
				28943E03193E2141005412CA /* AccessoryView.h */,
				28943E04193E2141005412CA /* AccessoryView.m */,
				28943E06193E21F4005412CA /* RetractUp.h */,
				28943E07193E21F4005412CA /* RetractUp.m */,
				28943DFD193E1D43005412CA /* ExpandDown.h */,
				28943DFE193E1D43005412CA /* ExpandDown.m */,
			);
			name = CellFunctionality;
			sourceTree = "<group>";
		};
/* End PBXGroup section */

/* Begin PBXNativeTarget section */
		28943DBE193E1899005412CA /* DropDown2 */ = {
			isa = PBXNativeTarget;
			buildConfigurationList = 28943DF1193E189A005412CA /* Build configuration list for PBXNativeTarget "DropDown2" */;
			buildPhases = (
				28943DBB193E1899005412CA /* Sources */,
				28943DBC193E1899005412CA /* Frameworks */,
				28943DBD193E1899005412CA /* Resources */,
			);
			buildRules = (
			);
			dependencies = (
			);
			name = DropDown2;
			productName = DropDown2;
			productReference = 28943DBF193E1899005412CA /* DropDown2.app */;
			productType = "com.apple.product-type.application";
		};
		28943DDF193E189A005412CA /* DropDown2Tests */ = {
			isa = PBXNativeTarget;
			buildConfigurationList = 28943DF4193E189A005412CA /* Build configuration list for PBXNativeTarget "DropDown2Tests" */;
			buildPhases = (
				28943DDC193E189A005412CA /* Sources */,
				28943DDD193E189A005412CA /* Frameworks */,
				28943DDE193E189A005412CA /* Resources */,
			);
			buildRules = (
			);
			dependencies = (
				28943DE6193E189A005412CA /* PBXTargetDependency */,
			);
			name = DropDown2Tests;
			productName = DropDown2Tests;
			productReference = 28943DE0193E189A005412CA /* DropDown2Tests.xctest */;
			productType = "com.apple.product-type.bundle.unit-test";
		};
/* End PBXNativeTarget section */

/* Begin PBXProject section */
		28943DB7193E1899005412CA /* Project object */ = {
			isa = PBXProject;
			attributes = {
				LastUpgradeCheck = 0510;
				ORGANIZATIONNAME = "Abby Schlageter";
				TargetAttributes = {
					28943DDF193E189A005412CA = {
						TestTargetID = 28943DBE193E1899005412CA;
					};
				};
			};
			buildConfigurationList = 28943DBA193E1899005412CA /* Build configuration list for PBXProject "DropDown2" */;
			compatibilityVersion = "Xcode 3.2";
			developmentRegion = English;
			hasScannedForEncodings = 0;
			knownRegions = (
				en,
				Base,
			);
			mainGroup = 28943DB6193E1899005412CA;
			productRefGroup = 28943DC0193E1899005412CA /* Products */;
			projectDirPath = "";
			projectRoot = "";
			targets = (
				28943DBE193E1899005412CA /* DropDown2 */,
				28943DDF193E189A005412CA /* DropDown2Tests */,
			);
		};
/* End PBXProject section */

/* Begin PBXResourcesBuildPhase section */
		28943DBD193E1899005412CA /* Resources */ = {
			isa = PBXResourcesBuildPhase;
			buildActionMask = 2147483647;
			files = (
				2897504619471633004F3269 /* minus_button_b.png in Resources */,
				28943DDB193E189A005412CA /* Images.xcassets in Resources */,
				28943DCD193E189A005412CA /* InfoPlist.strings in Resources */,
				28943E2D193E40BA005412CA /* plus_button.png in Resources */,
				2897504319470C6F004F3269 /* Lato-Reg.ttf in Resources */,
				28943E2C193E40BA005412CA /* minus_button.png in Resources */,
				2897504219470C6F004F3269 /* Lato-Bla.ttf in Resources */,
				28943DD6193E189A005412CA /* Main.storyboard in Resources */,
				2897504719471633004F3269 /* plus_button_b.png in Resources */,
				2897503F19470C2A004F3269 /* Lato-Lig.ttf in Resources */,
			);
			runOnlyForDeploymentPostprocessing = 0;
		};
		28943DDE193E189A005412CA /* Resources */ = {
			isa = PBXResourcesBuildPhase;
			buildActionMask = 2147483647;
			files = (
				28943DEC193E189A005412CA /* InfoPlist.strings in Resources */,
			);
			runOnlyForDeploymentPostprocessing = 0;
		};
/* End PBXResourcesBuildPhase section */

/* Begin PBXSourcesBuildPhase section */
		28943DBB193E1899005412CA /* Sources */ = {
			isa = PBXSourcesBuildPhase;
			buildActionMask = 2147483647;
			files = (
				28943E08193E21F4005412CA /* RetractUp.m in Sources */,
				28E1521F196869690039221E /* MainDropDownVM.m in Sources */,
				28943E18193E2B3F005412CA /* LogoFactory.m in Sources */,
				28D19D6A193F50B20098BEBD /* NavBar.m in Sources */,
				284E0CBB1949E2CC0027B47A /* ProgressView.m in Sources */,
				28E1521B196864B60039221E /* AppNavigation.m in Sources */,
				28943DD9193E189A005412CA /* MainViewController.m in Sources */,
				28943E0F193E29C7005412CA /* FontFactory.m in Sources */,
				28D19D67193F4E0F0098BEBD /* MainMenuItems.m in Sources */,
				28943DFF193E1D43005412CA /* ExpandDown.m in Sources */,
				28D19D6F193F52C40098BEBD /* HeaderView.m in Sources */,
				28943E02193E1FEF005412CA /* Sections.m in Sources */,
				28943E1E193E31F0005412CA /* Buttons.m in Sources */,
				28943E12193E2A86005412CA /* TableHeights.m in Sources */,
				28943E27193E3D8B005412CA /* MainCell.m in Sources */,
				28943DD3193E189A005412CA /* AppDelegate.m in Sources */,
				28943E15193E2ACA005412CA /* Color.m in Sources */,
				289DAA1B195304A9002E4B78 /* NavFactory.m in Sources */,
				28943DCF193E189A005412CA /* main.m in Sources */,
				284E0CB71949D4530027B47A /* DropCell.m in Sources */,
				28943E05193E2141005412CA /* AccessoryView.m in Sources */,
			);
			runOnlyForDeploymentPostprocessing = 0;
		};
		28943DDC193E189A005412CA /* Sources */ = {
			isa = PBXSourcesBuildPhase;
			buildActionMask = 2147483647;
			files = (
				28E15221196872A20039221E /* MainDropDownVMTests.m in Sources */,
				28943DEE193E189A005412CA /* DropDown2Tests.m in Sources */,
			);
			runOnlyForDeploymentPostprocessing = 0;
		};
/* End PBXSourcesBuildPhase section */

/* Begin PBXTargetDependency section */
		28943DE6193E189A005412CA /* PBXTargetDependency */ = {
			isa = PBXTargetDependency;
			target = 28943DBE193E1899005412CA /* DropDown2 */;
			targetProxy = 28943DE5193E189A005412CA /* PBXContainerItemProxy */;
		};
/* End PBXTargetDependency section */

/* Begin PBXVariantGroup section */
		28943DCB193E189A005412CA /* InfoPlist.strings */ = {
			isa = PBXVariantGroup;
			children = (
				28943DCC193E189A005412CA /* en */,
			);
			name = InfoPlist.strings;
			sourceTree = "<group>";
		};
		28943DD4193E189A005412CA /* Main.storyboard */ = {
			isa = PBXVariantGroup;
			children = (
				28943DD5193E189A005412CA /* Base */,
			);
			name = Main.storyboard;
			path = ..;
			sourceTree = "<group>";
		};
		28943DEA193E189A005412CA /* InfoPlist.strings */ = {
			isa = PBXVariantGroup;
			children = (
				28943DEB193E189A005412CA /* en */,
			);
			name = InfoPlist.strings;
			sourceTree = "<group>";
		};
/* End PBXVariantGroup section */

/* Begin XCBuildConfiguration section */
		28943DEF193E189A005412CA /* Debug */ = {
			isa = XCBuildConfiguration;
			buildSettings = {
				ALWAYS_SEARCH_USER_PATHS = NO;
				CLANG_CXX_LANGUAGE_STANDARD = "gnu++0x";
				CLANG_CXX_LIBRARY = "libc++";
				CLANG_ENABLE_MODULES = YES;
				CLANG_ENABLE_OBJC_ARC = YES;
				CLANG_WARN_BOOL_CONVERSION = YES;
				CLANG_WARN_CONSTANT_CONVERSION = YES;
				CLANG_WARN_DIRECT_OBJC_ISA_USAGE = YES_ERROR;
				CLANG_WARN_EMPTY_BODY = YES;
				CLANG_WARN_ENUM_CONVERSION = YES;
				CLANG_WARN_INT_CONVERSION = YES;
				CLANG_WARN_OBJC_ROOT_CLASS = YES_ERROR;
				CLANG_WARN__DUPLICATE_METHOD_MATCH = YES;
				"CODE_SIGN_IDENTITY[sdk=iphoneos*]" = "iPhone Developer";
				COPY_PHASE_STRIP = NO;
				GCC_C_LANGUAGE_STANDARD = gnu99;
				GCC_DYNAMIC_NO_PIC = NO;
				GCC_OPTIMIZATION_LEVEL = 0;
				GCC_PREPROCESSOR_DEFINITIONS = (
					"DEBUG=1",
					"$(inherited)",
				);
				GCC_SYMBOLS_PRIVATE_EXTERN = NO;
				GCC_WARN_64_TO_32_BIT_CONVERSION = YES;
				GCC_WARN_ABOUT_RETURN_TYPE = YES_ERROR;
				GCC_WARN_UNDECLARED_SELECTOR = YES;
				GCC_WARN_UNINITIALIZED_AUTOS = YES_AGGRESSIVE;
				GCC_WARN_UNUSED_FUNCTION = YES;
				GCC_WARN_UNUSED_VARIABLE = YES;
				IPHONEOS_DEPLOYMENT_TARGET = 7.1;
				ONLY_ACTIVE_ARCH = YES;
				SDKROOT = iphoneos;
			};
			name = Debug;
		};
		28943DF0193E189A005412CA /* Release */ = {
			isa = XCBuildConfiguration;
			buildSettings = {
				ALWAYS_SEARCH_USER_PATHS = NO;
				CLANG_CXX_LANGUAGE_STANDARD = "gnu++0x";
				CLANG_CXX_LIBRARY = "libc++";
				CLANG_ENABLE_MODULES = YES;
				CLANG_ENABLE_OBJC_ARC = YES;
				CLANG_WARN_BOOL_CONVERSION = YES;
				CLANG_WARN_CONSTANT_CONVERSION = YES;
				CLANG_WARN_DIRECT_OBJC_ISA_USAGE = YES_ERROR;
				CLANG_WARN_EMPTY_BODY = YES;
				CLANG_WARN_ENUM_CONVERSION = YES;
				CLANG_WARN_INT_CONVERSION = YES;
				CLANG_WARN_OBJC_ROOT_CLASS = YES_ERROR;
				CLANG_WARN__DUPLICATE_METHOD_MATCH = YES;
				"CODE_SIGN_IDENTITY[sdk=iphoneos*]" = "iPhone Developer";
				COPY_PHASE_STRIP = YES;
				ENABLE_NS_ASSERTIONS = NO;
				GCC_C_LANGUAGE_STANDARD = gnu99;
				GCC_WARN_64_TO_32_BIT_CONVERSION = YES;
				GCC_WARN_ABOUT_RETURN_TYPE = YES_ERROR;
				GCC_WARN_UNDECLARED_SELECTOR = YES;
				GCC_WARN_UNINITIALIZED_AUTOS = YES_AGGRESSIVE;
				GCC_WARN_UNUSED_FUNCTION = YES;
				GCC_WARN_UNUSED_VARIABLE = YES;
				IPHONEOS_DEPLOYMENT_TARGET = 7.1;
				SDKROOT = iphoneos;
				VALIDATE_PRODUCT = YES;
			};
			name = Release;
		};
		28943DF2193E189A005412CA /* Debug */ = {
			isa = XCBuildConfiguration;
			buildSettings = {
				ASSETCATALOG_COMPILER_APPICON_NAME = AppIcon;
				ASSETCATALOG_COMPILER_LAUNCHIMAGE_NAME = LaunchImage;
				GCC_PRECOMPILE_PREFIX_HEADER = YES;
				GCC_PREFIX_HEADER = "DropDown2/DropDown2-Prefix.pch";
				INFOPLIST_FILE = "DropDown2/DropDown2-Info.plist";
				PRODUCT_NAME = "$(TARGET_NAME)";
				WRAPPER_EXTENSION = app;
			};
			name = Debug;
		};
		28943DF3193E189A005412CA /* Release */ = {
			isa = XCBuildConfiguration;
			buildSettings = {
				ASSETCATALOG_COMPILER_APPICON_NAME = AppIcon;
				ASSETCATALOG_COMPILER_LAUNCHIMAGE_NAME = LaunchImage;
				GCC_PRECOMPILE_PREFIX_HEADER = YES;
				GCC_PREFIX_HEADER = "DropDown2/DropDown2-Prefix.pch";
				INFOPLIST_FILE = "DropDown2/DropDown2-Info.plist";
				PRODUCT_NAME = "$(TARGET_NAME)";
				WRAPPER_EXTENSION = app;
			};
			name = Release;
		};
		28943DF5193E189A005412CA /* Debug */ = {
			isa = XCBuildConfiguration;
			buildSettings = {
				BUNDLE_LOADER = "$(BUILT_PRODUCTS_DIR)/DropDown2.app/DropDown2";
				FRAMEWORK_SEARCH_PATHS = (
					"$(SDKROOT)/Developer/Library/Frameworks",
					"$(inherited)",
					"$(DEVELOPER_FRAMEWORKS_DIR)",
				);
				GCC_PRECOMPILE_PREFIX_HEADER = YES;
				GCC_PREFIX_HEADER = "DropDown2/DropDown2-Prefix.pch";
				GCC_PREPROCESSOR_DEFINITIONS = (
					"DEBUG=1",
					"$(inherited)",
				);
				INFOPLIST_FILE = "DropDown2Tests/DropDown2Tests-Info.plist";
				PRODUCT_NAME = "$(TARGET_NAME)";
				TEST_HOST = "$(BUNDLE_LOADER)";
				WRAPPER_EXTENSION = xctest;
			};
			name = Debug;
		};
		28943DF6193E189A005412CA /* Release */ = {
			isa = XCBuildConfiguration;
			buildSettings = {
				BUNDLE_LOADER = "$(BUILT_PRODUCTS_DIR)/DropDown2.app/DropDown2";
				FRAMEWORK_SEARCH_PATHS = (
					"$(SDKROOT)/Developer/Library/Frameworks",
					"$(inherited)",
					"$(DEVELOPER_FRAMEWORKS_DIR)",
				);
				GCC_PRECOMPILE_PREFIX_HEADER = YES;
				GCC_PREFIX_HEADER = "DropDown2/DropDown2-Prefix.pch";
				INFOPLIST_FILE = "DropDown2Tests/DropDown2Tests-Info.plist";
				PRODUCT_NAME = "$(TARGET_NAME)";
				TEST_HOST = "$(BUNDLE_LOADER)";
				WRAPPER_EXTENSION = xctest;
			};
			name = Release;
		};
/* End XCBuildConfiguration section */

/* Begin XCConfigurationList section */
		28943DBA193E1899005412CA /* Build configuration list for PBXProject "DropDown2" */ = {
			isa = XCConfigurationList;
			buildConfigurations = (
				28943DEF193E189A005412CA /* Debug */,
				28943DF0193E189A005412CA /* Release */,
			);
			defaultConfigurationIsVisible = 0;
			defaultConfigurationName = Release;
		};
		28943DF1193E189A005412CA /* Build configuration list for PBXNativeTarget "DropDown2" */ = {
			isa = XCConfigurationList;
			buildConfigurations = (
				28943DF2193E189A005412CA /* Debug */,
				28943DF3193E189A005412CA /* Release */,
			);
			defaultConfigurationIsVisible = 0;
			defaultConfigurationName = Release;
		};
		28943DF4193E189A005412CA /* Build configuration list for PBXNativeTarget "DropDown2Tests" */ = {
			isa = XCConfigurationList;
			buildConfigurations = (
				28943DF5193E189A005412CA /* Debug */,
				28943DF6193E189A005412CA /* Release */,
			);
			defaultConfigurationIsVisible = 0;
			defaultConfigurationName = Release;
		};
/* End XCConfigurationList section */
	};
	rootObject = 28943DB7193E1899005412CA /* Project object */;
}
